// !$*UTF8*$!
{
	archiveVersion = 1;
	classes = {
	};
	objectVersion = 56;
	objects = {

/* Begin PBXBuildFile section */
		A0895D072BE6A7FD00FD95F8 /* _40504_Tarea_API_CitasApp.swift in Sources */ = {isa = PBXBuildFile; fileRef = A0895D062BE6A7FD00FD95F8 /* _40504_Tarea_API_CitasApp.swift */; };
		A0895D092BE6A7FD00FD95F8 /* ContentView.swift in Sources */ = {isa = PBXBuildFile; fileRef = A0895D082BE6A7FD00FD95F8 /* ContentView.swift */; };
		A0895D0B2BE6A7FF00FD95F8 /* Assets.xcassets in Resources */ = {isa = PBXBuildFile; fileRef = A0895D0A2BE6A7FF00FD95F8 /* Assets.xcassets */; };
		A0895D0E2BE6A7FF00FD95F8 /* Preview Assets.xcassets in Resources */ = {isa = PBXBuildFile; fileRef = A0895D0D2BE6A7FF00FD95F8 /* Preview Assets.xcassets */; };
		A0895D182BE6A7FF00FD95F8 /* _40504_Tarea_API_CitasTests.swift in Sources */ = {isa = PBXBuildFile; fileRef = A0895D172BE6A7FF00FD95F8 /* _40504_Tarea_API_CitasTests.swift */; };
		A0895D222BE6A7FF00FD95F8 /* _40504_Tarea_API_CitasUITests.swift in Sources */ = {isa = PBXBuildFile; fileRef = A0895D212BE6A7FF00FD95F8 /* _40504_Tarea_API_CitasUITests.swift */; };
		A0895D242BE6A7FF00FD95F8 /* _40504_Tarea_API_CitasUITestsLaunchTests.swift in Sources */ = {isa = PBXBuildFile; fileRef = A0895D232BE6A7FF00FD95F8 /* _40504_Tarea_API_CitasUITestsLaunchTests.swift */; };
/* End PBXBuildFile section */

/* Begin PBXContainerItemProxy section */
		A0895D142BE6A7FF00FD95F8 /* PBXContainerItemProxy */ = {
			isa = PBXContainerItemProxy;
			containerPortal = A0895CFB2BE6A7FD00FD95F8 /* Project object */;
			proxyType = 1;
			remoteGlobalIDString = A0895D022BE6A7FD00FD95F8;
			remoteInfo = "240504 Tarea API Citas";
		};
		A0895D1E2BE6A7FF00FD95F8 /* PBXContainerItemProxy */ = {
			isa = PBXContainerItemProxy;
			containerPortal = A0895CFB2BE6A7FD00FD95F8 /* Project object */;
			proxyType = 1;
			remoteGlobalIDString = A0895D022BE6A7FD00FD95F8;
			remoteInfo = "240504 Tarea API Citas";
		};
/* End PBXContainerItemProxy section */

/* Begin PBXFileReference section */
		A0895D032BE6A7FD00FD95F8 /* 240504 Tarea API Citas.app */ = {isa = PBXFileReference; explicitFileType = wrapper.application; includeInIndex = 0; path = "240504 Tarea API Citas.app"; sourceTree = BUILT_PRODUCTS_DIR; };
		A0895D062BE6A7FD00FD95F8 /* _40504_Tarea_API_CitasApp.swift */ = {isa = PBXFileReference; lastKnownFileType = sourcecode.swift; path = _40504_Tarea_API_CitasApp.swift; sourceTree = "<group>"; };
		A0895D082BE6A7FD00FD95F8 /* ContentView.swift */ = {isa = PBXFileReference; lastKnownFileType = sourcecode.swift; path = ContentView.swift; sourceTree = "<group>"; };
		A0895D0A2BE6A7FF00FD95F8 /* Assets.xcassets */ = {isa = PBXFileReference; lastKnownFileType = folder.assetcatalog; path = Assets.xcassets; sourceTree = "<group>"; };
		A0895D0D2BE6A7FF00FD95F8 /* Preview Assets.xcassets */ = {isa = PBXFileReference; lastKnownFileType = folder.assetcatalog; path = "Preview Assets.xcassets"; sourceTree = "<group>"; };
		A0895D132BE6A7FF00FD95F8 /* 240504 Tarea API CitasTests.xctest */ = {isa = PBXFileReference; explicitFileType = wrapper.cfbundle; includeInIndex = 0; path = "240504 Tarea API CitasTests.xctest"; sourceTree = BUILT_PRODUCTS_DIR; };
		A0895D172BE6A7FF00FD95F8 /* _40504_Tarea_API_CitasTests.swift */ = {isa = PBXFileReference; lastKnownFileType = sourcecode.swift; path = _40504_Tarea_API_CitasTests.swift; sourceTree = "<group>"; };
		A0895D1D2BE6A7FF00FD95F8 /* 240504 Tarea API CitasUITests.xctest */ = {isa = PBXFileReference; explicitFileType = wrapper.cfbundle; includeInIndex = 0; path = "240504 Tarea API CitasUITests.xctest"; sourceTree = BUILT_PRODUCTS_DIR; };
		A0895D212BE6A7FF00FD95F8 /* _40504_Tarea_API_CitasUITests.swift */ = {isa = PBXFileReference; lastKnownFileType = sourcecode.swift; path = _40504_Tarea_API_CitasUITests.swift; sourceTree = "<group>"; };
		A0895D232BE6A7FF00FD95F8 /* _40504_Tarea_API_CitasUITestsLaunchTests.swift */ = {isa = PBXFileReference; lastKnownFileType = sourcecode.swift; path = _40504_Tarea_API_CitasUITestsLaunchTests.swift; sourceTree = "<group>"; };
/* End PBXFileReference section */

/* Begin PBXFrameworksBuildPhase section */
		A0895D002BE6A7FD00FD95F8 /* Frameworks */ = {
			isa = PBXFrameworksBuildPhase;
			buildActionMask = 2147483647;
			files = (
			);
			runOnlyForDeploymentPostprocessing = 0;
		};
		A0895D102BE6A7FF00FD95F8 /* Frameworks */ = {
			isa = PBXFrameworksBuildPhase;
			buildActionMask = 2147483647;
			files = (
			);
			runOnlyForDeploymentPostprocessing = 0;
		};
		A0895D1A2BE6A7FF00FD95F8 /* Frameworks */ = {
			isa = PBXFrameworksBuildPhase;
			buildActionMask = 2147483647;
			files = (
			);
			runOnlyForDeploymentPostprocessing = 0;
		};
/* End PBXFrameworksBuildPhase section */

/* Begin PBXGroup section */
		A0895CFA2BE6A7FD00FD95F8 = {
			isa = PBXGroup;
			children = (
				A0895D052BE6A7FD00FD95F8 /* 240504 Tarea API Citas */,
				A0895D162BE6A7FF00FD95F8 /* 240504 Tarea API CitasTests */,
				A0895D202BE6A7FF00FD95F8 /* 240504 Tarea API CitasUITests */,
				A0895D042BE6A7FD00FD95F8 /* Products */,
			);
			sourceTree = "<group>";
		};
		A0895D042BE6A7FD00FD95F8 /* Products */ = {
			isa = PBXGroup;
			children = (
				A0895D032BE6A7FD00FD95F8 /* 240504 Tarea API Citas.app */,
				A0895D132BE6A7FF00FD95F8 /* 240504 Tarea API CitasTests.xctest */,
				A0895D1D2BE6A7FF00FD95F8 /* 240504 Tarea API CitasUITests.xctest */,
			);
			name = Products;
			sourceTree = "<group>";
		};
		A0895D052BE6A7FD00FD95F8 /* 240504 Tarea API Citas */ = {
			isa = PBXGroup;
			children = (
				A0895D062BE6A7FD00FD95F8 /* _40504_Tarea_API_CitasApp.swift */,
				A0895D082BE6A7FD00FD95F8 /* ContentView.swift */,
				A0895D0A2BE6A7FF00FD95F8 /* Assets.xcassets */,
				A0895D0C2BE6A7FF00FD95F8 /* Preview Content */,
			);
			path = "240504 Tarea API Citas";
			sourceTree = "<group>";
		};
		A0895D0C2BE6A7FF00FD95F8 /* Preview Content */ = {
			isa = PBXGroup;
			children = (
				A0895D0D2BE6A7FF00FD95F8 /* Preview Assets.xcassets */,
			);
			path = "Preview Content";
			sourceTree = "<group>";
		};
		A0895D162BE6A7FF00FD95F8 /* 240504 Tarea API CitasTests */ = {
			isa = PBXGroup;
			children = (
				A0895D172BE6A7FF00FD95F8 /* _40504_Tarea_API_CitasTests.swift */,
			);
			path = "240504 Tarea API CitasTests";
			sourceTree = "<group>";
		};
		A0895D202BE6A7FF00FD95F8 /* 240504 Tarea API CitasUITests */ = {
			isa = PBXGroup;
			children = (
				A0895D212BE6A7FF00FD95F8 /* _40504_Tarea_API_CitasUITests.swift */,
				A0895D232BE6A7FF00FD95F8 /* _40504_Tarea_API_CitasUITestsLaunchTests.swift */,
			);
			path = "240504 Tarea API CitasUITests";
			sourceTree = "<group>";
		};
/* End PBXGroup section */

/* Begin PBXNativeTarget section */
		A0895D022BE6A7FD00FD95F8 /* 240504 Tarea API Citas */ = {
			isa = PBXNativeTarget;
			buildConfigurationList = A0895D272BE6A7FF00FD95F8 /* Build configuration list for PBXNativeTarget "240504 Tarea API Citas" */;
			buildPhases = (
				A0895CFF2BE6A7FD00FD95F8 /* Sources */,
				A0895D002BE6A7FD00FD95F8 /* Frameworks */,
				A0895D012BE6A7FD00FD95F8 /* Resources */,
			);
			buildRules = (
			);
			dependencies = (
			);
			name = "240504 Tarea API Citas";
			productName = "240504 Tarea API Citas";
			productReference = A0895D032BE6A7FD00FD95F8 /* 240504 Tarea API Citas.app */;
			productType = "com.apple.product-type.application";
		};
		A0895D122BE6A7FF00FD95F8 /* 240504 Tarea API CitasTests */ = {
			isa = PBXNativeTarget;
			buildConfigurationList = A0895D2A2BE6A7FF00FD95F8 /* Build configuration list for PBXNativeTarget "240504 Tarea API CitasTests" */;
			buildPhases = (
				A0895D0F2BE6A7FF00FD95F8 /* Sources */,
				A0895D102BE6A7FF00FD95F8 /* Frameworks */,
				A0895D112BE6A7FF00FD95F8 /* Resources */,
			);
			buildRules = (
			);
			dependencies = (
				A0895D152BE6A7FF00FD95F8 /* PBXTargetDependency */,
			);
			name = "240504 Tarea API CitasTests";
			productName = "240504 Tarea API CitasTests";
			productReference = A0895D132BE6A7FF00FD95F8 /* 240504 Tarea API CitasTests.xctest */;
			productType = "com.apple.product-type.bundle.unit-test";
		};
		A0895D1C2BE6A7FF00FD95F8 /* 240504 Tarea API CitasUITests */ = {
			isa = PBXNativeTarget;
			buildConfigurationList = A0895D2D2BE6A7FF00FD95F8 /* Build configuration list for PBXNativeTarget "240504 Tarea API CitasUITests" */;
			buildPhases = (
				A0895D192BE6A7FF00FD95F8 /* Sources */,
				A0895D1A2BE6A7FF00FD95F8 /* Frameworks */,
				A0895D1B2BE6A7FF00FD95F8 /* Resources */,
			);
			buildRules = (
			);
			dependencies = (
				A0895D1F2BE6A7FF00FD95F8 /* PBXTargetDependency */,
			);
			name = "240504 Tarea API CitasUITests";
			productName = "240504 Tarea API CitasUITests";
			productReference = A0895D1D2BE6A7FF00FD95F8 /* 240504 Tarea API CitasUITests.xctest */;
			productType = "com.apple.product-type.bundle.ui-testing";
		};
/* End PBXNativeTarget section */

/* Begin PBXProject section */
		A0895CFB2BE6A7FD00FD95F8 /* Project object */ = {
			isa = PBXProject;
			attributes = {
				BuildIndependentTargetsInParallel = 1;
				LastSwiftUpdateCheck = 1420;
				LastUpgradeCheck = 1420;
				TargetAttributes = {
					A0895D022BE6A7FD00FD95F8 = {
						CreatedOnToolsVersion = 14.2;
					};
					A0895D122BE6A7FF00FD95F8 = {
						CreatedOnToolsVersion = 14.2;
						TestTargetID = A0895D022BE6A7FD00FD95F8;
					};
					A0895D1C2BE6A7FF00FD95F8 = {
						CreatedOnToolsVersion = 14.2;
						TestTargetID = A0895D022BE6A7FD00FD95F8;
					};
				};
			};
			buildConfigurationList = A0895CFE2BE6A7FD00FD95F8 /* Build configuration list for PBXProject "240504 Tarea API Citas" */;
			compatibilityVersion = "Xcode 14.0";
			developmentRegion = en;
			hasScannedForEncodings = 0;
			knownRegions = (
				en,
				Base,
			);
			mainGroup = A0895CFA2BE6A7FD00FD95F8;
			productRefGroup = A0895D042BE6A7FD00FD95F8 /* Products */;
			projectDirPath = "";
			projectRoot = "";
			targets = (
				A0895D022BE6A7FD00FD95F8 /* 240504 Tarea API Citas */,
				A0895D122BE6A7FF00FD95F8 /* 240504 Tarea API CitasTests */,
				A0895D1C2BE6A7FF00FD95F8 /* 240504 Tarea API CitasUITests */,
			);
		};
/* End PBXProject section */

/* Begin PBXResourcesBuildPhase section */
		A0895D012BE6A7FD00FD95F8 /* Resources */ = {
			isa = PBXResourcesBuildPhase;
			buildActionMask = 2147483647;
			files = (
				A0895D0E2BE6A7FF00FD95F8 /* Preview Assets.xcassets in Resources */,
				A0895D0B2BE6A7FF00FD95F8 /* Assets.xcassets in Resources */,
			);
			runOnlyForDeploymentPostprocessing = 0;
		};
		A0895D112BE6A7FF00FD95F8 /* Resources */ = {
			isa = PBXResourcesBuildPhase;
			buildActionMask = 2147483647;
			files = (
			);
			runOnlyForDeploymentPostprocessing = 0;
		};
		A0895D1B2BE6A7FF00FD95F8 /* Resources */ = {
			isa = PBXResourcesBuildPhase;
			buildActionMask = 2147483647;
			files = (
			);
			runOnlyForDeploymentPostprocessing = 0;
		};
/* End PBXResourcesBuildPhase section */

/* Begin PBXSourcesBuildPhase section */
		A0895CFF2BE6A7FD00FD95F8 /* Sources */ = {
			isa = PBXSourcesBuildPhase;
			buildActionMask = 2147483647;
			files = (
				A0895D092BE6A7FD00FD95F8 /* ContentView.swift in Sources */,
				A0895D072BE6A7FD00FD95F8 /* _40504_Tarea_API_CitasApp.swift in Sources */,
			);
			runOnlyForDeploymentPostprocessing = 0;
		};
		A0895D0F2BE6A7FF00FD95F8 /* Sources */ = {
			isa = PBXSourcesBuildPhase;
			buildActionMask = 2147483647;
			files = (
				A0895D182BE6A7FF00FD95F8 /* _40504_Tarea_API_CitasTests.swift in Sources */,
			);
			runOnlyForDeploymentPostprocessing = 0;
		};
		A0895D192BE6A7FF00FD95F8 /* Sources */ = {
			isa = PBXSourcesBuildPhase;
			buildActionMask = 2147483647;
			files = (
				A0895D242BE6A7FF00FD95F8 /* _40504_Tarea_API_CitasUITestsLaunchTests.swift in Sources */,
				A0895D222BE6A7FF00FD95F8 /* _40504_Tarea_API_CitasUITests.swift in Sources */,
			);
			runOnlyForDeploymentPostprocessing = 0;
		};
/* End PBXSourcesBuildPhase section */

/* Begin PBXTargetDependency section */
		A0895D152BE6A7FF00FD95F8 /* PBXTargetDependency */ = {
			isa = PBXTargetDependency;
			target = A0895D022BE6A7FD00FD95F8 /* 240504 Tarea API Citas */;
			targetProxy = A0895D142BE6A7FF00FD95F8 /* PBXContainerItemProxy */;
		};
		A0895D1F2BE6A7FF00FD95F8 /* PBXTargetDependency */ = {
			isa = PBXTargetDependency;
			target = A0895D022BE6A7FD00FD95F8 /* 240504 Tarea API Citas */;
			targetProxy = A0895D1E2BE6A7FF00FD95F8 /* PBXContainerItemProxy */;
		};
/* End PBXTargetDependency section */

/* Begin XCBuildConfiguration section */
		A0895D252BE6A7FF00FD95F8 /* Debug */ = {
			isa = XCBuildConfiguration;
			buildSettings = {
				ALWAYS_SEARCH_USER_PATHS = NO;
				CLANG_ANALYZER_NONNULL = YES;
				CLANG_ANALYZER_NUMBER_OBJECT_CONVERSION = YES_AGGRESSIVE;
				CLANG_CXX_LANGUAGE_STANDARD = "gnu++20";
				CLANG_ENABLE_MODULES = YES;
				CLANG_ENABLE_OBJC_ARC = YES;
				CLANG_ENABLE_OBJC_WEAK = YES;
				CLANG_WARN_BLOCK_CAPTURE_AUTORELEASING = YES;
				CLANG_WARN_BOOL_CONVERSION = YES;
				CLANG_WARN_COMMA = YES;
				CLANG_WARN_CONSTANT_CONVERSION = YES;
				CLANG_WARN_DEPRECATED_OBJC_IMPLEMENTATIONS = YES;
				CLANG_WARN_DIRECT_OBJC_ISA_USAGE = YES_ERROR;
				CLANG_WARN_DOCUMENTATION_COMMENTS = YES;
				CLANG_WARN_EMPTY_BODY = YES;
				CLANG_WARN_ENUM_CONVERSION = YES;
				CLANG_WARN_INFINITE_RECURSION = YES;
				CLANG_WARN_INT_CONVERSION = YES;
				CLANG_WARN_NON_LITERAL_NULL_CONVERSION = YES;
				CLANG_WARN_OBJC_IMPLICIT_RETAIN_SELF = YES;
				CLANG_WARN_OBJC_LITERAL_CONVERSION = YES;
				CLANG_WARN_OBJC_ROOT_CLASS = YES_ERROR;
				CLANG_WARN_QUOTED_INCLUDE_IN_FRAMEWORK_HEADER = YES;
				CLANG_WARN_RANGE_LOOP_ANALYSIS = YES;
				CLANG_WARN_STRICT_PROTOTYPES = YES;
				CLANG_WARN_SUSPICIOUS_MOVE = YES;
				CLANG_WARN_UNGUARDED_AVAILABILITY = YES_AGGRESSIVE;
				CLANG_WARN_UNREACHABLE_CODE = YES;
				CLANG_WARN__DUPLICATE_METHOD_MATCH = YES;
				COPY_PHASE_STRIP = NO;
				DEBUG_INFORMATION_FORMAT = dwarf;
				ENABLE_STRICT_OBJC_MSGSEND = YES;
				ENABLE_TESTABILITY = YES;
				GCC_C_LANGUAGE_STANDARD = gnu11;
				GCC_DYNAMIC_NO_PIC = NO;
				GCC_NO_COMMON_BLOCKS = YES;
				GCC_OPTIMIZATION_LEVEL = 0;
				GCC_PREPROCESSOR_DEFINITIONS = (
					"DEBUG=1",
					"$(inherited)",
				);
				GCC_WARN_64_TO_32_BIT_CONVERSION = YES;
				GCC_WARN_ABOUT_RETURN_TYPE = YES_ERROR;
				GCC_WARN_UNDECLARED_SELECTOR = YES;
				GCC_WARN_UNINITIALIZED_AUTOS = YES_AGGRESSIVE;
				GCC_WARN_UNUSED_FUNCTION = YES;
				GCC_WARN_UNUSED_VARIABLE = YES;
				IPHONEOS_DEPLOYMENT_TARGET = 16.2;
				MTL_ENABLE_DEBUG_INFO = INCLUDE_SOURCE;
				MTL_FAST_MATH = YES;
				ONLY_ACTIVE_ARCH = YES;
				SDKROOT = iphoneos;
				SWIFT_ACTIVE_COMPILATION_CONDITIONS = DEBUG;
				SWIFT_OPTIMIZATION_LEVEL = "-Onone";
			};
			name = Debug;
		};
		A0895D262BE6A7FF00FD95F8 /* Release */ = {
			isa = XCBuildConfiguration;
			buildSettings = {
				ALWAYS_SEARCH_USER_PATHS = NO;
				CLANG_ANALYZER_NONNULL = YES;
				CLANG_ANALYZER_NUMBER_OBJECT_CONVERSION = YES_AGGRESSIVE;
				CLANG_CXX_LANGUAGE_STANDARD = "gnu++20";
				CLANG_ENABLE_MODULES = YES;
				CLANG_ENABLE_OBJC_ARC = YES;
				CLANG_ENABLE_OBJC_WEAK = YES;
				CLANG_WARN_BLOCK_CAPTURE_AUTORELEASING = YES;
				CLANG_WARN_BOOL_CONVERSION = YES;
				CLANG_WARN_COMMA = YES;
				CLANG_WARN_CONSTANT_CONVERSION = YES;
				CLANG_WARN_DEPRECATED_OBJC_IMPLEMENTATIONS = YES;
				CLANG_WARN_DIRECT_OBJC_ISA_USAGE = YES_ERROR;
				CLANG_WARN_DOCUMENTATION_COMMENTS = YES;
				CLANG_WARN_EMPTY_BODY = YES;
				CLANG_WARN_ENUM_CONVERSION = YES;
				CLANG_WARN_INFINITE_RECURSION = YES;
				CLANG_WARN_INT_CONVERSION = YES;
				CLANG_WARN_NON_LITERAL_NULL_CONVERSION = YES;
				CLANG_WARN_OBJC_IMPLICIT_RETAIN_SELF = YES;
				CLANG_WARN_OBJC_LITERAL_CONVERSION = YES;
				CLANG_WARN_OBJC_ROOT_CLASS = YES_ERROR;
				CLANG_WARN_QUOTED_INCLUDE_IN_FRAMEWORK_HEADER = YES;
				CLANG_WARN_RANGE_LOOP_ANALYSIS = YES;
				CLANG_WARN_STRICT_PROTOTYPES = YES;
				CLANG_WARN_SUSPICIOUS_MOVE = YES;
				CLANG_WARN_UNGUARDED_AVAILABILITY = YES_AGGRESSIVE;
				CLANG_WARN_UNREACHABLE_CODE = YES;
				CLANG_WARN__DUPLICATE_METHOD_MATCH = YES;
				COPY_PHASE_STRIP = NO;
				DEBUG_INFORMATION_FORMAT = "dwarf-with-dsym";
				ENABLE_NS_ASSERTIONS = NO;
				ENABLE_STRICT_OBJC_MSGSEND = YES;
				GCC_C_LANGUAGE_STANDARD = gnu11;
				GCC_NO_COMMON_BLOCKS = YES;
				GCC_WARN_64_TO_32_BIT_CONVERSION = YES;
				GCC_WARN_ABOUT_RETURN_TYPE = YES_ERROR;
				GCC_WARN_UNDECLARED_SELECTOR = YES;
				GCC_WARN_UNINITIALIZED_AUTOS = YES_AGGRESSIVE;
				GCC_WARN_UNUSED_FUNCTION = YES;
				GCC_WARN_UNUSED_VARIABLE = YES;
				IPHONEOS_DEPLOYMENT_TARGET = 16.2;
				MTL_ENABLE_DEBUG_INFO = NO;
				MTL_FAST_MATH = YES;
				SDKROOT = iphoneos;
				SWIFT_COMPILATION_MODE = wholemodule;
				SWIFT_OPTIMIZATION_LEVEL = "-O";
				VALIDATE_PRODUCT = YES;
			};
			name = Release;
		};
		A0895D282BE6A7FF00FD95F8 /* Debug */ = {
			isa = XCBuildConfiguration;
			buildSettings = {
				ASSETCATALOG_COMPILER_APPICON_NAME = AppIcon;
				ASSETCATALOG_COMPILER_GLOBAL_ACCENT_COLOR_NAME = AccentColor;
				CODE_SIGN_STYLE = Automatic;
				CURRENT_PROJECT_VERSION = 1;
				DEVELOPMENT_ASSET_PATHS = "\"240504 Tarea API Citas/Preview Content\"";
				ENABLE_PREVIEWS = YES;
				GENERATE_INFOPLIST_FILE = YES;
				INFOPLIST_KEY_UIApplicationSceneManifest_Generation = YES;
				INFOPLIST_KEY_UIApplicationSupportsIndirectInputEvents = YES;
				INFOPLIST_KEY_UILaunchScreen_Generation = YES;
				INFOPLIST_KEY_UISupportedInterfaceOrientations_iPad = "UIInterfaceOrientationPortrait UIInterfaceOrientationPortraitUpsideDown UIInterfaceOrientationLandscapeLeft UIInterfaceOrientationLandscapeRight";
				INFOPLIST_KEY_UISupportedInterfaceOrientations_iPhone = "UIInterfaceOrientationPortrait UIInterfaceOrientationLandscapeLeft UIInterfaceOrientationLandscapeRight";
				LD_RUNPATH_SEARCH_PATHS = (
					"$(inherited)",
					"@executable_path/Frameworks",
				);
				MARKETING_VERSION = 1.0;
				PRODUCT_BUNDLE_IDENTIFIER = "lpg.-40504-Tarea-API-Citas";
				PRODUCT_NAME = "$(TARGET_NAME)";
				SWIFT_EMIT_LOC_STRINGS = YES;
				SWIFT_VERSION = 5.0;
				TARGETED_DEVICE_FAMILY = "1,2";
			};
			name = Debug;
		};
		A0895D292BE6A7FF00FD95F8 /* Release */ = {
			isa = XCBuildConfiguration;
			buildSettings = {
				ASSETCATALOG_COMPILER_APPICON_NAME = AppIcon;
				ASSETCATALOG_COMPILER_GLOBAL_ACCENT_COLOR_NAME = AccentColor;
				CODE_SIGN_STYLE = Automatic;
				CURRENT_PROJECT_VERSION = 1;
				DEVELOPMENT_ASSET_PATHS = "\"240504 Tarea API Citas/Preview Content\"";
				ENABLE_PREVIEWS = YES;
				GENERATE_INFOPLIST_FILE = YES;
				INFOPLIST_KEY_UIApplicationSceneManifest_Generation = YES;
				INFOPLIST_KEY_UIApplicationSupportsIndirectInputEvents = YES;
				INFOPLIST_KEY_UILaunchScreen_Generation = YES;
				INFOPLIST_KEY_UISupportedInterfaceOrientations_iPad = "UIInterfaceOrientationPortrait UIInterfaceOrientationPortraitUpsideDown UIInterfaceOrientationLandscapeLeft UIInterfaceOrientationLandscapeRight";
				INFOPLIST_KEY_UISupportedInterfaceOrientations_iPhone = "UIInterfaceOrientationPortrait UIInterfaceOrientationLandscapeLeft UIInterfaceOrientationLandscapeRight";
				LD_RUNPATH_SEARCH_PATHS = (
					"$(inherited)",
					"@executable_path/Frameworks",
				);
				MARKETING_VERSION = 1.0;
				PRODUCT_BUNDLE_IDENTIFIER = "lpg.-40504-Tarea-API-Citas";
				PRODUCT_NAME = "$(TARGET_NAME)";
				SWIFT_EMIT_LOC_STRINGS = YES;
				SWIFT_VERSION = 5.0;
				TARGETED_DEVICE_FAMILY = "1,2";
			};
			name = Release;
		};
		A0895D2B2BE6A7FF00FD95F8 /* Debug */ = {
			isa = XCBuildConfiguration;
			buildSettings = {
				ALWAYS_EMBED_SWIFT_STANDARD_LIBRARIES = YES;
				BUNDLE_LOADER = "$(TEST_HOST)";
				CODE_SIGN_STYLE = Automatic;
				CURRENT_PROJECT_VERSION = 1;
				GENERATE_INFOPLIST_FILE = YES;
				IPHONEOS_DEPLOYMENT_TARGET = 16.2;
				MARKETING_VERSION = 1.0;
				PRODUCT_BUNDLE_IDENTIFIER = "lpg.-40504-Tarea-API-CitasTests";
				PRODUCT_NAME = "$(TARGET_NAME)";
				SWIFT_EMIT_LOC_STRINGS = NO;
				SWIFT_VERSION = 5.0;
				TARGETED_DEVICE_FAMILY = "1,2";
				TEST_HOST = "$(BUILT_PRODUCTS_DIR)/240504 Tarea API Citas.app/$(BUNDLE_EXECUTABLE_FOLDER_PATH)/240504 Tarea API Citas";
			};
			name = Debug;
		};
		A0895D2C2BE6A7FF00FD95F8 /* Release */ = {
			isa = XCBuildConfiguration;
			buildSettings = {
				ALWAYS_EMBED_SWIFT_STANDARD_LIBRARIES = YES;
				BUNDLE_LOADER = "$(TEST_HOST)";
				CODE_SIGN_STYLE = Automatic;
				CURRENT_PROJECT_VERSION = 1;
				GENERATE_INFOPLIST_FILE = YES;
				IPHONEOS_DEPLOYMENT_TARGET = 16.2;
				MARKETING_VERSION = 1.0;
				PRODUCT_BUNDLE_IDENTIFIER = "lpg.-40504-Tarea-API-CitasTests";
				PRODUCT_NAME = "$(TARGET_NAME)";
				SWIFT_EMIT_LOC_STRINGS = NO;
				SWIFT_VERSION = 5.0;
				TARGETED_DEVICE_FAMILY = "1,2";
				TEST_HOST = "$(BUILT_PRODUCTS_DIR)/240504 Tarea API Citas.app/$(BUNDLE_EXECUTABLE_FOLDER_PATH)/240504 Tarea API Citas";
			};
			name = Release;
		};
		A0895D2E2BE6A7FF00FD95F8 /* Debug */ = {
			isa = XCBuildConfiguration;
			buildSettings = {
				ALWAYS_EMBED_SWIFT_STANDARD_LIBRARIES = YES;
				CODE_SIGN_STYLE = Automatic;
				CURRENT_PROJECT_VERSION = 1;
				GENERATE_INFOPLIST_FILE = YES;
				MARKETING_VERSION = 1.0;
				PRODUCT_BUNDLE_IDENTIFIER = "lpg.-40504-Tarea-API-CitasUITests";
				PRODUCT_NAME = "$(TARGET_NAME)";
				SWIFT_EMIT_LOC_STRINGS = NO;
				SWIFT_VERSION = 5.0;
				TARGETED_DEVICE_FAMILY = "1,2";
				TEST_TARGET_NAME = "240504 Tarea API Citas";
			};
			name = Debug;
		};
		A0895D2F2BE6A7FF00FD95F8 /* Release */ = {
			isa = XCBuildConfiguration;
			buildSettings = {
				ALWAYS_EMBED_SWIFT_STANDARD_LIBRARIES = YES;
				CODE_SIGN_STYLE = Automatic;
				CURRENT_PROJECT_VERSION = 1;
				GENERATE_INFOPLIST_FILE = YES;
				MARKETING_VERSION = 1.0;
				PRODUCT_BUNDLE_IDENTIFIER = "lpg.-40504-Tarea-API-CitasUITests";
				PRODUCT_NAME = "$(TARGET_NAME)";
				SWIFT_EMIT_LOC_STRINGS = NO;
				SWIFT_VERSION = 5.0;
				TARGETED_DEVICE_FAMILY = "1,2";
				TEST_TARGET_NAME = "240504 Tarea API Citas";
			};
			name = Release;
		};
/* End XCBuildConfiguration section */

/* Begin XCConfigurationList section */
		A0895CFE2BE6A7FD00FD95F8 /* Build configuration list for PBXProject "240504 Tarea API Citas" */ = {
			isa = XCConfigurationList;
			buildConfigurations = (
				A0895D252BE6A7FF00FD95F8 /* Debug */,
				A0895D262BE6A7FF00FD95F8 /* Release */,
			);
			defaultConfigurationIsVisible = 0;
			defaultConfigurationName = Release;
		};
		A0895D272BE6A7FF00FD95F8 /* Build configuration list for PBXNativeTarget "240504 Tarea API Citas" */ = {
			isa = XCConfigurationList;
			buildConfigurations = (
				A0895D282BE6A7FF00FD95F8 /* Debug */,
				A0895D292BE6A7FF00FD95F8 /* Release */,
			);
			defaultConfigurationIsVisible = 0;
			defaultConfigurationName = Release;
		};
		A0895D2A2BE6A7FF00FD95F8 /* Build configuration list for PBXNativeTarget "240504 Tarea API CitasTests" */ = {
			isa = XCConfigurationList;
			buildConfigurations = (
				A0895D2B2BE6A7FF00FD95F8 /* Debug */,
				A0895D2C2BE6A7FF00FD95F8 /* Release */,
			);
			defaultConfigurationIsVisible = 0;
			defaultConfigurationName = Release;
		};
		A0895D2D2BE6A7FF00FD95F8 /* Build configuration list for PBXNativeTarget "240504 Tarea API CitasUITests" */ = {
			isa = XCConfigurationList;
			buildConfigurations = (
				A0895D2E2BE6A7FF00FD95F8 /* Debug */,
				A0895D2F2BE6A7FF00FD95F8 /* Release */,
			);
			defaultConfigurationIsVisible = 0;
			defaultConfigurationName = Release;
		};
/* End XCConfigurationList section */
	};
	rootObject = A0895CFB2BE6A7FD00FD95F8 /* Project object */;
}
